
Microsoft Visual Studio Solution File, Format Version 12.00
# Visual Studio Version 16
VisualStudioVersion = 16.0.30330.147
MinimumVisualStudioVersion = 10.0.40219.1
Project("{9A19103F-16F7-4668-BE54-9A1E7A4F7556}") = "PixMicro", "PixMicro\PixMicro.csproj", "{952B2D68-BDAC-44B0-8962-81082319EBC7}"
EndProject
Project("{9092AA53-FB77-4645-B42D-1CCCA6BD08BD}") = "ExampleClient", "ExampleClient\ExampleClient.njsproj", "{451E9283-6BCC-4B1B-8E58-3AF79B6BBB5F}"
EndProject
Global
	GlobalSection(SolutionConfigurationPlatforms) = preSolution
		Debug|Any CPU = Debug|Any CPU
		Release|Any CPU = Release|Any CPU
	EndGlobalSection
	GlobalSection(ProjectConfigurationPlatforms) = postSolution
		{952B2D68-BDAC-44B0-8962-81082319EBC7}.Debug|Any CPU.ActiveCfg = Debug|Any CPU
		{952B2D68-BDAC-44B0-8962-81082319EBC7}.Debug|Any CPU.Build.0 = Debug|Any CPU
		{952B2D68-BDAC-44B0-8962-81082319EBC7}.Release|Any CPU.ActiveCfg = Release|Any CPU
		{952B2D68-BDAC-44B0-8962-81082319EBC7}.Release|Any CPU.Build.0 = Release|Any CPU
		{451E9283-6BCC-4B1B-8E58-3AF79B6BBB5F}.Debug|Any CPU.ActiveCfg = Debug|Any CPU
		{451E9283-6BCC-4B1B-8E58-3AF79B6BBB5F}.Debug|Any CPU.Build.0 = Debug|Any CPU
		{451E9283-6BCC-4B1B-8E58-3AF79B6BBB5F}.Release|Any CPU.ActiveCfg = Release|Any CPU
		{451E9283-6BCC-4B1B-8E58-3AF79B6BBB5F}.Release|Any CPU.Build.0 = Release|Any CPU
	EndGlobalSection
	GlobalSection(SolutionProperties) = preSolution
		HideSolutionNode = FALSE
	EndGlobalSection
	GlobalSection(ExtensibilityGlobals) = postSolution
		SolutionGuid = {C047804B-FEB8-4CEE-9780-6F7AED0E94A2}
	EndGlobalSection
EndGlobal
